
Microsoft Visual Studio Solution File, Format Version 12.00
# Visual Studio 2013
VisualStudioVersion = 12.0.21005.1
MinimumVisualStudioVersion = 10.0.40219.1
Project("{FAE04EC0-301F-11D3-BF4B-00C04F79EFBC}") = "Console", "Console\Console.csproj", "{0156B2C7-BD09-41BA-9111-01359F7A60C9}"
EndProject
Project("{FAE04EC0-301F-11D3-BF4B-00C04F79EFBC}") = "Console.Tests", "Console.Tests\Console.Tests.csproj", "{A35EBCE8-D6DE-40CA-A1C7-B89A747BC00D}"
EndProject
Global
	GlobalSection(SolutionConfigurationPlatforms) = preSolution
		Debug|Any CPU = Debug|Any CPU
		Release|Any CPU = Release|Any CPU
	EndGlobalSection
	GlobalSection(ProjectConfigurationPlatforms) = postSolution
		{0156B2C7-BD09-41BA-9111-01359F7A60C9}.Debug|Any CPU.ActiveCfg = Debug|Any CPU
		{0156B2C7-BD09-41BA-9111-01359F7A60C9}.Debug|Any CPU.Build.0 = Debug|Any CPU
		{0156B2C7-BD09-41BA-9111-01359F7A60C9}.Release|Any CPU.ActiveCfg = Release|Any CPU
		{0156B2C7-BD09-41BA-9111-01359F7A60C9}.Release|Any CPU.Build.0 = Release|Any CPU
		{A35EBCE8-D6DE-40CA-A1C7-B89A747BC00D}.Debug|Any CPU.ActiveCfg = Debug|Any CPU
		{A35EBCE8-D6DE-40CA-A1C7-B89A747BC00D}.Debug|Any CPU.Build.0 = Debug|Any CPU
		{A35EBCE8-D6DE-40CA-A1C7-B89A747BC00D}.Release|Any CPU.ActiveCfg = Release|Any CPU
		{A35EBCE8-D6DE-40CA-A1C7-B89A747BC00D}.Release|Any CPU.Build.0 = Release|Any CPU
	EndGlobalSection
	GlobalSection(SolutionProperties) = preSolution
		HideSolutionNode = FALSE
	EndGlobalSection
EndGlobal
